
Microsoft Visual Studio Solution File, Format Version 12.00
# Visual Studio 15
VisualStudioVersion = 15.0.27703.2042
MinimumVisualStudioVersion = 10.0.40219.1
Project("{F184B08F-C81C-45F6-A57F-5ABD9991F28F}") = "Entidades", "Entidades\Entidades.vbproj", "{170EDED7-8883-44C3-89C9-2F3CCD4DB966}"
EndProject
Project("{F184B08F-C81C-45F6-A57F-5ABD9991F28F}") = "TestEndidades", "TestEndidades\TestEndidades.vbproj", "{DD93F6FA-BD75-4609-9D72-551E1E2944EB}"
EndProject
Global
	GlobalSection(SolutionConfigurationPlatforms) = preSolution
		Debug|Any CPU = Debug|Any CPU
		Release|Any CPU = Release|Any CPU
	EndGlobalSection
	GlobalSection(ProjectConfigurationPlatforms) = postSolution
		{170EDED7-8883-44C3-89C9-2F3CCD4DB966}.Debug|Any CPU.ActiveCfg = Debug|Any CPU
		{170EDED7-8883-44C3-89C9-2F3CCD4DB966}.Debug|Any CPU.Build.0 = Debug|Any CPU
		{170EDED7-8883-44C3-89C9-2F3CCD4DB966}.Release|Any CPU.ActiveCfg = Release|Any CPU
		{170EDED7-8883-44C3-89C9-2F3CCD4DB966}.Release|Any CPU.Build.0 = Release|Any CPU
		{DD93F6FA-BD75-4609-9D72-551E1E2944EB}.Debug|Any CPU.ActiveCfg = Debug|Any CPU
		{DD93F6FA-BD75-4609-9D72-551E1E2944EB}.Debug|Any CPU.Build.0 = Debug|Any CPU
		{DD93F6FA-BD75-4609-9D72-551E1E2944EB}.Release|Any CPU.ActiveCfg = Release|Any CPU
		{DD93F6FA-BD75-4609-9D72-551E1E2944EB}.Release|Any CPU.Build.0 = Release|Any CPU
	EndGlobalSection
	GlobalSection(SolutionProperties) = preSolution
		HideSolutionNode = FALSE
	EndGlobalSection
	GlobalSection(ExtensibilityGlobals) = postSolution
		SolutionGuid = {2282C16E-27F7-4E12-A8C5-276F7784436B}
	EndGlobalSection
EndGlobal
